
Microsoft Visual Studio Solution File, Format Version 12.00
# Visual Studio Version 17
VisualStudioVersion = 17.8.34322.80
MinimumVisualStudioVersion = 10.0.40219.1
Project("{FAE04EC0-301F-11D3-BF4B-00C04F79EFBC}") = "Figuras Geométricas", "Figuras Geométricas.csproj", "{6AE7F327-EEEF-41B2-B05D-FF33CEFDB0EB}"
EndProject
Global
	GlobalSection(SolutionConfigurationPlatforms) = preSolution
		Debug|Any CPU = Debug|Any CPU
		Release|Any CPU = Release|Any CPU
	EndGlobalSection
	GlobalSection(ProjectConfigurationPlatforms) = postSolution
		{6AE7F327-EEEF-41B2-B05D-FF33CEFDB0EB}.Debug|Any CPU.ActiveCfg = Debug|Any CPU
		{6AE7F327-EEEF-41B2-B05D-FF33CEFDB0EB}.Debug|Any CPU.Build.0 = Debug|Any CPU
		{6AE7F327-EEEF-41B2-B05D-FF33CEFDB0EB}.Release|Any CPU.ActiveCfg = Release|Any CPU
		{6AE7F327-EEEF-41B2-B05D-FF33CEFDB0EB}.Release|Any CPU.Build.0 = Release|Any CPU
	EndGlobalSection
	GlobalSection(SolutionProperties) = preSolution
		HideSolutionNode = FALSE
	EndGlobalSection
	GlobalSection(ExtensibilityGlobals) = postSolution
		SolutionGuid = {3874F003-3EF1-43FD-801B-0BFCABA33C8A}
	EndGlobalSection
EndGlobal
